
Microsoft Visual Studio Solution File, Format Version 12.00
# Visual Studio 15
VisualStudioVersion = 15.0.28307.136
MinimumVisualStudioVersion = 10.0.40219.1
Project("{FAE04EC0-301F-11D3-BF4B-00C04F79EFBC}") = "BetProject", "BetProject\BetProject.csproj", "{B3C67042-65FD-47AD-BB1D-6A4982C0E904}"
EndProject
Global
	GlobalSection(SolutionConfigurationPlatforms) = preSolution
		Debug|Any CPU = Debug|Any CPU
		Release|Any CPU = Release|Any CPU
	EndGlobalSection
	GlobalSection(ProjectConfigurationPlatforms) = postSolution
		{B3C67042-65FD-47AD-BB1D-6A4982C0E904}.Debug|Any CPU.ActiveCfg = Debug|Any CPU
		{B3C67042-65FD-47AD-BB1D-6A4982C0E904}.Debug|Any CPU.Build.0 = Debug|Any CPU
		{B3C67042-65FD-47AD-BB1D-6A4982C0E904}.Release|Any CPU.ActiveCfg = Release|Any CPU
		{B3C67042-65FD-47AD-BB1D-6A4982C0E904}.Release|Any CPU.Build.0 = Release|Any CPU
	EndGlobalSection
	GlobalSection(SolutionProperties) = preSolution
		HideSolutionNode = FALSE
	EndGlobalSection
	GlobalSection(ExtensibilityGlobals) = postSolution
		SolutionGuid = {2020A401-43FF-4CE9-90D5-C5329CFBFE7C}
	EndGlobalSection
EndGlobal
